
Microsoft Visual Studio Solution File, Format Version 12.00
# Visual Studio Version 17
VisualStudioVersion = 17.11.35303.130
MinimumVisualStudioVersion = 10.0.40219.1
Project("{FAE04EC0-301F-11D3-BF4B-00C04F79EFBC}") = "OnlineShopAPI", "TiendaOnlineAPI\OnlineShopAPI.csproj", "{C3B5D547-F6F2-47E5-AB09-5196568D6D9B}"
EndProject
Project("{FAE04EC0-301F-11D3-BF4B-00C04F79EFBC}") = "DB", "DB\DB.csproj", "{CADABCDF-950D-46BD-ACF3-00DAC7BC6436}"
EndProject
Global
	GlobalSection(SolutionConfigurationPlatforms) = preSolution
		Debug|Any CPU = Debug|Any CPU
		Release|Any CPU = Release|Any CPU
	EndGlobalSection
	GlobalSection(ProjectConfigurationPlatforms) = postSolution
		{C3B5D547-F6F2-47E5-AB09-5196568D6D9B}.Debug|Any CPU.ActiveCfg = Debug|Any CPU
		{C3B5D547-F6F2-47E5-AB09-5196568D6D9B}.Debug|Any CPU.Build.0 = Debug|Any CPU
		{C3B5D547-F6F2-47E5-AB09-5196568D6D9B}.Release|Any CPU.ActiveCfg = Release|Any CPU
		{C3B5D547-F6F2-47E5-AB09-5196568D6D9B}.Release|Any CPU.Build.0 = Release|Any CPU
		{CADABCDF-950D-46BD-ACF3-00DAC7BC6436}.Debug|Any CPU.ActiveCfg = Debug|Any CPU
		{CADABCDF-950D-46BD-ACF3-00DAC7BC6436}.Debug|Any CPU.Build.0 = Debug|Any CPU
		{CADABCDF-950D-46BD-ACF3-00DAC7BC6436}.Release|Any CPU.ActiveCfg = Release|Any CPU
		{CADABCDF-950D-46BD-ACF3-00DAC7BC6436}.Release|Any CPU.Build.0 = Release|Any CPU
	EndGlobalSection
	GlobalSection(SolutionProperties) = preSolution
		HideSolutionNode = FALSE
	EndGlobalSection
	GlobalSection(ExtensibilityGlobals) = postSolution
		SolutionGuid = {1E275E3A-6FA7-46A1-A82E-BF294D0BEBAF}
	EndGlobalSection
EndGlobal
